
Microsoft Visual Studio Solution File, Format Version 12.00
# Visual Studio Version 17
VisualStudioVersion = 17.7.34031.279
MinimumVisualStudioVersion = 10.0.40219.1
Project("{FAE04EC0-301F-11D3-BF4B-00C04F79EFBC}") = "Multiples3sAnd5s", "Multiples3sAnd5s\Multiples3sAnd5s.csproj", "{581EB6C8-883B-4060-AC74-2F87895F02F2}"
EndProject
Global
	GlobalSection(SolutionConfigurationPlatforms) = preSolution
		Debug|Any CPU = Debug|Any CPU
		Release|Any CPU = Release|Any CPU
	EndGlobalSection
	GlobalSection(ProjectConfigurationPlatforms) = postSolution
		{581EB6C8-883B-4060-AC74-2F87895F02F2}.Debug|Any CPU.ActiveCfg = Debug|Any CPU
		{581EB6C8-883B-4060-AC74-2F87895F02F2}.Debug|Any CPU.Build.0 = Debug|Any CPU
		{581EB6C8-883B-4060-AC74-2F87895F02F2}.Release|Any CPU.ActiveCfg = Release|Any CPU
		{581EB6C8-883B-4060-AC74-2F87895F02F2}.Release|Any CPU.Build.0 = Release|Any CPU
	EndGlobalSection
	GlobalSection(SolutionProperties) = preSolution
		HideSolutionNode = FALSE
	EndGlobalSection
	GlobalSection(ExtensibilityGlobals) = postSolution
		SolutionGuid = {527A09B6-8C89-4B2E-8C9D-4D81104EEE7D}
	EndGlobalSection
EndGlobal
